// !$*UTF8*$!
{
	archiveVersion = 1;
	classes = {
	};
	objectVersion = 46;
	objects = {

/* Begin PBXBuildFile section */
		14477E471BFF0C2000CB6C4F /* main.m in Sources */ = {isa = PBXBuildFile; fileRef = 14477E461BFF0C2000CB6C4F /* main.m */; };
		14477E4A1BFF0C2000CB6C4F /* AppDelegate.m in Sources */ = {isa = PBXBuildFile; fileRef = 14477E491BFF0C2000CB6C4F /* AppDelegate.m */; };
		14477E4D1BFF0C2000CB6C4F /* ViewController.m in Sources */ = {isa = PBXBuildFile; fileRef = 14477E4C1BFF0C2000CB6C4F /* ViewController.m */; };
		14477E501BFF0C2000CB6C4F /* Main.storyboard in Resources */ = {isa = PBXBuildFile; fileRef = 14477E4E1BFF0C2000CB6C4F /* Main.storyboard */; };
		14477E521BFF0C2000CB6C4F /* Assets.xcassets in Resources */ = {isa = PBXBuildFile; fileRef = 14477E511BFF0C2000CB6C4F /* Assets.xcassets */; };
		14477E551BFF0C2000CB6C4F /* LaunchScreen.storyboard in Resources */ = {isa = PBXBuildFile; fileRef = 14477E531BFF0C2000CB6C4F /* LaunchScreen.storyboard */; };
		14477E601BFF0C2000CB6C4F /* IosTestTests.m in Sources */ = {isa = PBXBuildFile; fileRef = 14477E5F1BFF0C2000CB6C4F /* IosTestTests.m */; };
		14477E6B1BFF0C2000CB6C4F /* IosTestUITests.m in Sources */ = {isa = PBXBuildFile; fileRef = 14477E6A1BFF0C2000CB6C4F /* IosTestUITests.m */; };
		14477E7A1BFF0CA400CB6C4F /* Test.m in Sources */ = {isa = PBXBuildFile; fileRef = 14477E791BFF0CA400CB6C4F /* Test.m */; settings = {ASSET_TAGS = (); }; };
/* End PBXBuildFile section */

/* Begin PBXContainerItemProxy section */
		14477E5C1BFF0C2000CB6C4F /* PBXContainerItemProxy */ = {
			isa = PBXContainerItemProxy;
			containerPortal = 14477E3A1BFF0C2000CB6C4F /* Project object */;
			proxyType = 1;
			remoteGlobalIDString = 14477E411BFF0C2000CB6C4F;
			remoteInfo = IosTest;
		};
		14477E671BFF0C2000CB6C4F /* PBXContainerItemProxy */ = {
			isa = PBXContainerItemProxy;
			containerPortal = 14477E3A1BFF0C2000CB6C4F /* Project object */;
			proxyType = 1;
			remoteGlobalIDString = 14477E411BFF0C2000CB6C4F;
			remoteInfo = IosTest;
		};
/* End PBXContainerItemProxy section */

/* Begin PBXFileReference section */
		14477E421BFF0C2000CB6C4F /* IosTest.app */ = {isa = PBXFileReference; explicitFileType = wrapper.application; includeInIndex = 0; path = IosTest.app; sourceTree = BUILT_PRODUCTS_DIR; };
		14477E461BFF0C2000CB6C4F /* main.m */ = {isa = PBXFileReference; lastKnownFileType = sourcecode.c.objc; path = main.m; sourceTree = "<group>"; };
		14477E481BFF0C2000CB6C4F /* AppDelegate.h */ = {isa = PBXFileReference; lastKnownFileType = sourcecode.c.h; path = AppDelegate.h; sourceTree = "<group>"; };
		14477E491BFF0C2000CB6C4F /* AppDelegate.m */ = {isa = PBXFileReference; lastKnownFileType = sourcecode.c.objc; path = AppDelegate.m; sourceTree = "<group>"; };
		14477E4B1BFF0C2000CB6C4F /* ViewController.h */ = {isa = PBXFileReference; lastKnownFileType = sourcecode.c.h; path = ViewController.h; sourceTree = "<group>"; };
		14477E4C1BFF0C2000CB6C4F /* ViewController.m */ = {isa = PBXFileReference; lastKnownFileType = sourcecode.c.objc; path = ViewController.m; sourceTree = "<group>"; };
		14477E4F1BFF0C2000CB6C4F /* Base */ = {isa = PBXFileReference; lastKnownFileType = file.storyboard; name = Base; path = Base.lproj/Main.storyboard; sourceTree = "<group>"; };
		14477E511BFF0C2000CB6C4F /* Assets.xcassets */ = {isa = PBXFileReference; lastKnownFileType = folder.assetcatalog; path = Assets.xcassets; sourceTree = "<group>"; };
		14477E541BFF0C2000CB6C4F /* Base */ = {isa = PBXFileReference; lastKnownFileType = file.storyboard; name = Base; path = Base.lproj/LaunchScreen.storyboard; sourceTree = "<group>"; };
		14477E561BFF0C2000CB6C4F /* Info.plist */ = {isa = PBXFileReference; lastKnownFileType = text.plist.xml; path = Info.plist; sourceTree = "<group>"; };
		14477E5B1BFF0C2000CB6C4F /* IosTestTests.xctest */ = {isa = PBXFileReference; explicitFileType = wrapper.cfbundle; includeInIndex = 0; path = IosTestTests.xctest; sourceTree = BUILT_PRODUCTS_DIR; };
		14477E5F1BFF0C2000CB6C4F /* IosTestTests.m */ = {isa = PBXFileReference; lastKnownFileType = sourcecode.c.objc; path = IosTestTests.m; sourceTree = "<group>"; };
		14477E611BFF0C2000CB6C4F /* Info.plist */ = {isa = PBXFileReference; lastKnownFileType = text.plist.xml; path = Info.plist; sourceTree = "<group>"; };
		14477E661BFF0C2000CB6C4F /* IosTestUITests.xctest */ = {isa = PBXFileReference; explicitFileType = wrapper.cfbundle; includeInIndex = 0; path = IosTestUITests.xctest; sourceTree = BUILT_PRODUCTS_DIR; };
		14477E6A1BFF0C2000CB6C4F /* IosTestUITests.m */ = {isa = PBXFileReference; lastKnownFileType = sourcecode.c.objc; path = IosTestUITests.m; sourceTree = "<group>"; };
		14477E6C1BFF0C2000CB6C4F /* Info.plist */ = {isa = PBXFileReference; lastKnownFileType = text.plist.xml; path = Info.plist; sourceTree = "<group>"; };
		14477E781BFF0CA400CB6C4F /* Test.h */ = {isa = PBXFileReference; fileEncoding = 4; lastKnownFileType = sourcecode.c.h; path = Test.h; sourceTree = "<group>"; };
		14477E791BFF0CA400CB6C4F /* Test.m */ = {isa = PBXFileReference; fileEncoding = 4; lastKnownFileType = sourcecode.c.objc; path = Test.m; sourceTree = "<group>"; };
/* End PBXFileReference section */

/* Begin PBXFrameworksBuildPhase section */
		14477E3F1BFF0C2000CB6C4F /* Frameworks */ = {
			isa = PBXFrameworksBuildPhase;
			buildActionMask = 2147483647;
			files = (
			);
			runOnlyForDeploymentPostprocessing = 0;
		};
		14477E581BFF0C2000CB6C4F /* Frameworks */ = {
			isa = PBXFrameworksBuildPhase;
			buildActionMask = 2147483647;
			files = (
			);
			runOnlyForDeploymentPostprocessing = 0;
		};
		14477E631BFF0C2000CB6C4F /* Frameworks */ = {
			isa = PBXFrameworksBuildPhase;
			buildActionMask = 2147483647;
			files = (
			);
			runOnlyForDeploymentPostprocessing = 0;
		};
/* End PBXFrameworksBuildPhase section */

/* Begin PBXGroup section */
		14477E391BFF0C2000CB6C4F = {
			isa = PBXGroup;
			children = (
				14477E441BFF0C2000CB6C4F /* IosTest */,
				14477E5E1BFF0C2000CB6C4F /* IosTestTests */,
				14477E691BFF0C2000CB6C4F /* IosTestUITests */,
				14477E431BFF0C2000CB6C4F /* Products */,
			);
			sourceTree = "<group>";
		};
		14477E431BFF0C2000CB6C4F /* Products */ = {
			isa = PBXGroup;
			children = (
				14477E421BFF0C2000CB6C4F /* IosTest.app */,
				14477E5B1BFF0C2000CB6C4F /* IosTestTests.xctest */,
				14477E661BFF0C2000CB6C4F /* IosTestUITests.xctest */,
			);
			name = Products;
			sourceTree = "<group>";
		};
		14477E441BFF0C2000CB6C4F /* IosTest */ = {
			isa = PBXGroup;
			children = (
				14477E481BFF0C2000CB6C4F /* AppDelegate.h */,
				14477E491BFF0C2000CB6C4F /* AppDelegate.m */,
				14477E4B1BFF0C2000CB6C4F /* ViewController.h */,
				14477E4C1BFF0C2000CB6C4F /* ViewController.m */,
				14477E4E1BFF0C2000CB6C4F /* Main.storyboard */,
				14477E511BFF0C2000CB6C4F /* Assets.xcassets */,
				14477E531BFF0C2000CB6C4F /* LaunchScreen.storyboard */,
				14477E561BFF0C2000CB6C4F /* Info.plist */,
				14477E451BFF0C2000CB6C4F /* Supporting Files */,
				14477E781BFF0CA400CB6C4F /* Test.h */,
				14477E791BFF0CA400CB6C4F /* Test.m */,
			);
			path = IosTest;
			sourceTree = "<group>";
		};
		14477E451BFF0C2000CB6C4F /* Supporting Files */ = {
			isa = PBXGroup;
			children = (
				14477E461BFF0C2000CB6C4F /* main.m */,
			);
			name = "Supporting Files";
			sourceTree = "<group>";
		};
		14477E5E1BFF0C2000CB6C4F /* IosTestTests */ = {
			isa = PBXGroup;
			children = (
				14477E5F1BFF0C2000CB6C4F /* IosTestTests.m */,
				14477E611BFF0C2000CB6C4F /* Info.plist */,
			);
			path = IosTestTests;
			sourceTree = "<group>";
		};
		14477E691BFF0C2000CB6C4F /* IosTestUITests */ = {
			isa = PBXGroup;
			children = (
				14477E6A1BFF0C2000CB6C4F /* IosTestUITests.m */,
				14477E6C1BFF0C2000CB6C4F /* Info.plist */,
			);
			path = IosTestUITests;
			sourceTree = "<group>";
		};
/* End PBXGroup section */

/* Begin PBXNativeTarget section */
		14477E411BFF0C2000CB6C4F /* IosTest */ = {
			isa = PBXNativeTarget;
			buildConfigurationList = 14477E6F1BFF0C2000CB6C4F /* Build configuration list for PBXNativeTarget "IosTest" */;
			buildPhases = (
				14477E3E1BFF0C2000CB6C4F /* Sources */,
				14477E3F1BFF0C2000CB6C4F /* Frameworks */,
				14477E401BFF0C2000CB6C4F /* Resources */,
			);
			buildRules = (
			);
			dependencies = (
			);
			name = IosTest;
			productName = IosTest;
			productReference = 14477E421BFF0C2000CB6C4F /* IosTest.app */;
			productType = "com.apple.product-type.application";
		};
		14477E5A1BFF0C2000CB6C4F /* IosTestTests */ = {
			isa = PBXNativeTarget;
			buildConfigurationList = 14477E721BFF0C2000CB6C4F /* Build configuration list for PBXNativeTarget "IosTestTests" */;
			buildPhases = (
				14477E571BFF0C2000CB6C4F /* Sources */,
				14477E581BFF0C2000CB6C4F /* Frameworks */,
				14477E591BFF0C2000CB6C4F /* Resources */,
			);
			buildRules = (
			);
			dependencies = (
				14477E5D1BFF0C2000CB6C4F /* PBXTargetDependency */,
			);
			name = IosTestTests;
			productName = IosTestTests;
			productReference = 14477E5B1BFF0C2000CB6C4F /* IosTestTests.xctest */;
			productType = "com.apple.product-type.bundle.unit-test";
		};
		14477E651BFF0C2000CB6C4F /* IosTestUITests */ = {
			isa = PBXNativeTarget;
			buildConfigurationList = 14477E751BFF0C2000CB6C4F /* Build configuration list for PBXNativeTarget "IosTestUITests" */;
			buildPhases = (
				14477E621BFF0C2000CB6C4F /* Sources */,
				14477E631BFF0C2000CB6C4F /* Frameworks */,
				14477E641BFF0C2000CB6C4F /* Resources */,
			);
			buildRules = (
			);
			dependencies = (
				14477E681BFF0C2000CB6C4F /* PBXTargetDependency */,
			);
			name = IosTestUITests;
			productName = IosTestUITests;
			productReference = 14477E661BFF0C2000CB6C4F /* IosTestUITests.xctest */;
			productType = "com.apple.product-type.bundle.ui-testing";
		};
/* End PBXNativeTarget section */

/* Begin PBXProject section */
		14477E3A1BFF0C2000CB6C4F /* Project object */ = {
			isa = PBXProject;
			attributes = {
				LastUpgradeCheck = 0700;
				ORGANIZATIONNAME = "Korea Software HRD";
				TargetAttributes = {
					14477E411BFF0C2000CB6C4F = {
						CreatedOnToolsVersion = 7.0;
					};
					14477E5A1BFF0C2000CB6C4F = {
						CreatedOnToolsVersion = 7.0;
						TestTargetID = 14477E411BFF0C2000CB6C4F;
					};
					14477E651BFF0C2000CB6C4F = {
						CreatedOnToolsVersion = 7.0;
						TestTargetID = 14477E411BFF0C2000CB6C4F;
					};
				};
			};
			buildConfigurationList = 14477E3D1BFF0C2000CB6C4F /* Build configuration list for PBXProject "IosTest" */;
			compatibilityVersion = "Xcode 3.2";
			developmentRegion = English;
			hasScannedForEncodings = 0;
			knownRegions = (
				en,
				Base,
			);
			mainGroup = 14477E391BFF0C2000CB6C4F;
			productRefGroup = 14477E431BFF0C2000CB6C4F /* Products */;
			projectDirPath = "";
			projectRoot = "";
			targets = (
				14477E411BFF0C2000CB6C4F /* IosTest */,
				14477E5A1BFF0C2000CB6C4F /* IosTestTests */,
				14477E651BFF0C2000CB6C4F /* IosTestUITests */,
			);
		};
/* End PBXProject section */

/* Begin PBXResourcesBuildPhase section */
		14477E401BFF0C2000CB6C4F /* Resources */ = {
			isa = PBXResourcesBuildPhase;
			buildActionMask = 2147483647;
			files = (
				14477E551BFF0C2000CB6C4F /* LaunchScreen.storyboard in Resources */,
				14477E521BFF0C2000CB6C4F /* Assets.xcassets in Resources */,
				14477E501BFF0C2000CB6C4F /* Main.storyboard in Resources */,
			);
			runOnlyForDeploymentPostprocessing = 0;
		};
		14477E591BFF0C2000CB6C4F /* Resources */ = {
			isa = PBXResourcesBuildPhase;
			buildActionMask = 2147483647;
			files = (
			);
			runOnlyForDeploymentPostprocessing = 0;
		};
		14477E641BFF0C2000CB6C4F /* Resources */ = {
			isa = PBXResourcesBuildPhase;
			buildActionMask = 2147483647;
			files = (
			);
			runOnlyForDeploymentPostprocessing = 0;
		};
/* End PBXResourcesBuildPhase section */

/* Begin PBXSourcesBuildPhase section */
		14477E3E1BFF0C2000CB6C4F /* Sources */ = {
			isa = PBXSourcesBuildPhase;
			buildActionMask = 2147483647;
			files = (
				14477E4D1BFF0C2000CB6C4F /* ViewController.m in Sources */,
				14477E7A1BFF0CA400CB6C4F /* Test.m in Sources */,
				14477E4A1BFF0C2000CB6C4F /* AppDelegate.m in Sources */,
				14477E471BFF0C2000CB6C4F /* main.m in Sources */,
			);
			runOnlyForDeploymentPostprocessing = 0;
		};
		14477E571BFF0C2000CB6C4F /* Sources */ = {
			isa = PBXSourcesBuildPhase;
			buildActionMask = 2147483647;
			files = (
				14477E601BFF0C2000CB6C4F /* IosTestTests.m in Sources */,
			);
			runOnlyForDeploymentPostprocessing = 0;
		};
		14477E621BFF0C2000CB6C4F /* Sources */ = {
			isa = PBXSourcesBuildPhase;
			buildActionMask = 2147483647;
			files = (
				14477E6B1BFF0C2000CB6C4F /* IosTestUITests.m in Sources */,
			);
			runOnlyForDeploymentPostprocessing = 0;
		};
/* End PBXSourcesBuildPhase section */

/* Begin PBXTargetDependency section */
		14477E5D1BFF0C2000CB6C4F /* PBXTargetDependency */ = {
			isa = PBXTargetDependency;
			target = 14477E411BFF0C2000CB6C4F /* IosTest */;
			targetProxy = 14477E5C1BFF0C2000CB6C4F /* PBXContainerItemProxy */;
		};
		14477E681BFF0C2000CB6C4F /* PBXTargetDependency */ = {
			isa = PBXTargetDependency;
			target = 14477E411BFF0C2000CB6C4F /* IosTest */;
			targetProxy = 14477E671BFF0C2000CB6C4F /* PBXContainerItemProxy */;
		};
/* End PBXTargetDependency section */

/* Begin PBXVariantGroup section */
		14477E4E1BFF0C2000CB6C4F /* Main.storyboard */ = {
			isa = PBXVariantGroup;
			children = (
				14477E4F1BFF0C2000CB6C4F /* Base */,
			);
			name = Main.storyboard;
			sourceTree = "<group>";
		};
		14477E531BFF0C2000CB6C4F /* LaunchScreen.storyboard */ = {
			isa = PBXVariantGroup;
			children = (
				14477E541BFF0C2000CB6C4F /* Base */,
			);
			name = LaunchScreen.storyboard;
			sourceTree = "<group>";
		};
/* End PBXVariantGroup section */

/* Begin XCBuildConfiguration section */
		14477E6D1BFF0C2000CB6C4F /* Debug */ = {
			isa = XCBuildConfiguration;
			buildSettings = {
				ALWAYS_SEARCH_USER_PATHS = NO;
				CLANG_CXX_LANGUAGE_STANDARD = "gnu++0x";
				CLANG_CXX_LIBRARY = "libc++";
				CLANG_ENABLE_MODULES = YES;
				CLANG_ENABLE_OBJC_ARC = YES;
				CLANG_WARN_BOOL_CONVERSION = YES;
				CLANG_WARN_CONSTANT_CONVERSION = YES;
				CLANG_WARN_DIRECT_OBJC_ISA_USAGE = YES_ERROR;
				CLANG_WARN_EMPTY_BODY = YES;
				CLANG_WARN_ENUM_CONVERSION = YES;
				CLANG_WARN_INT_CONVERSION = YES;
				CLANG_WARN_OBJC_ROOT_CLASS = YES_ERROR;
				CLANG_WARN_UNREACHABLE_CODE = YES;
				CLANG_WARN__DUPLICATE_METHOD_MATCH = YES;
				"CODE_SIGN_IDENTITY[sdk=iphoneos*]" = "iPhone Developer";
				COPY_PHASE_STRIP = NO;
				DEBUG_INFORMATION_FORMAT = dwarf;
				ENABLE_STRICT_OBJC_MSGSEND = YES;
				ENABLE_TESTABILITY = YES;
				GCC_C_LANGUAGE_STANDARD = gnu99;
				GCC_DYNAMIC_NO_PIC = NO;
				GCC_NO_COMMON_BLOCKS = YES;
				GCC_OPTIMIZATION_LEVEL = 0;
				GCC_PREPROCESSOR_DEFINITIONS = (
					"DEBUG=1",
					"$(inherited)",
				);
				GCC_WARN_64_TO_32_BIT_CONVERSION = YES;
				GCC_WARN_ABOUT_RETURN_TYPE = YES_ERROR;
				GCC_WARN_UNDECLARED_SELECTOR = YES;
				GCC_WARN_UNINITIALIZED_AUTOS = YES_AGGRESSIVE;
				GCC_WARN_UNUSED_FUNCTION = YES;
				GCC_WARN_UNUSED_VARIABLE = YES;
				IPHONEOS_DEPLOYMENT_TARGET = 9.0;
				MTL_ENABLE_DEBUG_INFO = YES;
				ONLY_ACTIVE_ARCH = YES;
				SDKROOT = iphoneos;
			};
			name = Debug;
		};
		14477E6E1BFF0C2000CB6C4F /* Release */ = {
			isa = XCBuildConfiguration;
			buildSettings = {
				ALWAYS_SEARCH_USER_PATHS = NO;
				CLANG_CXX_LANGUAGE_STANDARD = "gnu++0x";
				CLANG_CXX_LIBRARY = "libc++";
				CLANG_ENABLE_MODULES = YES;
				CLANG_ENABLE_OBJC_ARC = YES;
				CLANG_WARN_BOOL_CONVERSION = YES;
				CLANG_WARN_CONSTANT_CONVERSION = YES;
				CLANG_WARN_DIRECT_OBJC_ISA_USAGE = YES_ERROR;
				CLANG_WARN_EMPTY_BODY = YES;
				CLANG_WARN_ENUM_CONVERSION = YES;
				CLANG_WARN_INT_CONVERSION = YES;
				CLANG_WARN_OBJC_ROOT_CLASS = YES_ERROR;
				CLANG_WARN_UNREACHABLE_CODE = YES;
				CLANG_WARN__DUPLICATE_METHOD_MATCH = YES;
				"CODE_SIGN_IDENTITY[sdk=iphoneos*]" = "iPhone Developer";
				COPY_PHASE_STRIP = NO;
				DEBUG_INFORMATION_FORMAT = "dwarf-with-dsym";
				ENABLE_NS_ASSERTIONS = NO;
				ENABLE_STRICT_OBJC_MSGSEND = YES;
				GCC_C_LANGUAGE_STANDARD = gnu99;
				GCC_NO_COMMON_BLOCKS = YES;
				GCC_WARN_64_TO_32_BIT_CONVERSION = YES;
				GCC_WARN_ABOUT_RETURN_TYPE = YES_ERROR;
				GCC_WARN_UNDECLARED_SELECTOR = YES;
				GCC_WARN_UNINITIALIZED_AUTOS = YES_AGGRESSIVE;
				GCC_WARN_UNUSED_FUNCTION = YES;
				GCC_WARN_UNUSED_VARIABLE = YES;
				IPHONEOS_DEPLOYMENT_TARGET = 9.0;
				MTL_ENABLE_DEBUG_INFO = NO;
				SDKROOT = iphoneos;
				VALIDATE_PRODUCT = YES;
			};
			name = Release;
		};
		14477E701BFF0C2000CB6C4F /* Debug */ = {
			isa = XCBuildConfiguration;
			buildSettings = {
				ASSETCATALOG_COMPILER_APPICON_NAME = AppIcon;
				INFOPLIST_FILE = IosTest/Info.plist;
				LD_RUNPATH_SEARCH_PATHS = "$(inherited) @executable_path/Frameworks";
				PRODUCT_BUNDLE_IDENTIFIER = com.kshrd.www.IosTest;
				PRODUCT_NAME = "$(TARGET_NAME)";
			};
			name = Debug;
		};
		14477E711BFF0C2000CB6C4F /* Release */ = {
			isa = XCBuildConfiguration;
			buildSettings = {
				ASSETCATALOG_COMPILER_APPICON_NAME = AppIcon;
				INFOPLIST_FILE = IosTest/Info.plist;
				LD_RUNPATH_SEARCH_PATHS = "$(inherited) @executable_path/Frameworks";
				PRODUCT_BUNDLE_IDENTIFIER = com.kshrd.www.IosTest;
				PRODUCT_NAME = "$(TARGET_NAME)";
			};
			name = Release;
		};
		14477E731BFF0C2000CB6C4F /* Debug */ = {
			isa = XCBuildConfiguration;
			buildSettings = {
				BUNDLE_LOADER = "$(TEST_HOST)";
				INFOPLIST_FILE = IosTestTests/Info.plist;
				LD_RUNPATH_SEARCH_PATHS = "$(inherited) @executable_path/Frameworks @loader_path/Frameworks";
				PRODUCT_BUNDLE_IDENTIFIER = com.kshrd.www.IosTestTests;
				PRODUCT_NAME = "$(TARGET_NAME)";
				TEST_HOST = "$(BUILT_PRODUCTS_DIR)/IosTest.app/IosTest";
			};
			name = Debug;
		};
		14477E741BFF0C2000CB6C4F /* Release */ = {
			isa = XCBuildConfiguration;
			buildSettings = {
				BUNDLE_LOADER = "$(TEST_HOST)";
				INFOPLIST_FILE = IosTestTests/Info.plist;
				LD_RUNPATH_SEARCH_PATHS = "$(inherited) @executable_path/Frameworks @loader_path/Frameworks";
				PRODUCT_BUNDLE_IDENTIFIER = com.kshrd.www.IosTestTests;
				PRODUCT_NAME = "$(TARGET_NAME)";
				TEST_HOST = "$(BUILT_PRODUCTS_DIR)/IosTest.app/IosTest";
			};
			name = Release;
		};
		14477E761BFF0C2000CB6C4F /* Debug */ = {
			isa = XCBuildConfiguration;
			buildSettings = {
				INFOPLIST_FILE = IosTestUITests/Info.plist;
				LD_RUNPATH_SEARCH_PATHS = "$(inherited) @executable_path/Frameworks @loader_path/Frameworks";
				PRODUCT_BUNDLE_IDENTIFIER = com.kshrd.www.IosTestUITests;
				PRODUCT_NAME = "$(TARGET_NAME)";
				TEST_TARGET_NAME = IosTest;
				USES_XCTRUNNER = YES;
			};
			name = Debug;
		};
		14477E771BFF0C2000CB6C4F /* Release */ = {
			isa = XCBuildConfiguration;
			buildSettings = {
				INFOPLIST_FILE = IosTestUITests/Info.plist;
				LD_RUNPATH_SEARCH_PATHS = "$(inherited) @executable_path/Frameworks @loader_path/Frameworks";
				PRODUCT_BUNDLE_IDENTIFIER = com.kshrd.www.IosTestUITests;
				PRODUCT_NAME = "$(TARGET_NAME)";
				TEST_TARGET_NAME = IosTest;
				USES_XCTRUNNER = YES;
			};
			name = Release;
		};
/* End XCBuildConfiguration section */

/* Begin XCConfigurationList section */
		14477E3D1BFF0C2000CB6C4F /* Build configuration list for PBXProject "IosTest" */ = {
			isa = XCConfigurationList;
			buildConfigurations = (
				14477E6D1BFF0C2000CB6C4F /* Debug */,
				14477E6E1BFF0C2000CB6C4F /* Release */,
			);
			defaultConfigurationIsVisible = 0;
			defaultConfigurationName = Release;
		};
		14477E6F1BFF0C2000CB6C4F /* Build configuration list for PBXNativeTarget "IosTest" */ = {
			isa = XCConfigurationList;
			buildConfigurations = (
				14477E701BFF0C2000CB6C4F /* Debug */,
				14477E711BFF0C2000CB6C4F /* Release */,
			);
			defaultConfigurationIsVisible = 0;
		};
		14477E721BFF0C2000CB6C4F /* Build configuration list for PBXNativeTarget "IosTestTests" */ = {
			isa = XCConfigurationList;
			buildConfigurations = (
				14477E731BFF0C2000CB6C4F /* Debug */,
				14477E741BFF0C2000CB6C4F /* Release */,
			);
			defaultConfigurationIsVisible = 0;
		};
		14477E751BFF0C2000CB6C4F /* Build configuration list for PBXNativeTarget "IosTestUITests" */ = {
			isa = XCConfigurationList;
			buildConfigurations = (
				14477E761BFF0C2000CB6C4F /* Debug */,
				14477E771BFF0C2000CB6C4F /* Release */,
			);
			defaultConfigurationIsVisible = 0;
		};
/* End XCConfigurationList section */
	};
	rootObject = 14477E3A1BFF0C2000CB6C4F /* Project object */;
}
